
Microsoft Visual Studio Solution File, Format Version 12.00
# Visual Studio Version 18
VisualStudioVersion = 18.5.11801.241
MinimumVisualStudioVersion = 10.0.40219.1
Project("{FAE04EC0-301F-11D3-BF4B-00C04F79EFBC}") = "FunctionalBlog", "FunctionalBlog\FunctionalBlog.csproj", "{7D97A352-AC1E-44DA-832A-CB6E5B4BE8AA}"
EndProject
Project("{2150E333-8FDC-42A3-9474-1A3956D46DE8}") = "Build Configuration", "Build Configuration", "{55D57927-F79D-425E-AAB0-6A3376CEDCD5}"
	ProjectSection(SolutionItems) = preProject
		Directory.Build.props = Directory.Build.props
		Directory.Packages.props = Directory.Packages.props
		global.json = global.json
	EndProjectSection
EndProject
Project("{2150E333-8FDC-42A3-9474-1A3956D46DE8}") = "Solution Items", "Solution Items", "{2425F5FD-CB3F-4A3F-B48D-A5BD8955B97F}"
	ProjectSection(SolutionItems) = preProject
		.gitignore = .gitignore
		CLAUDE.md = CLAUDE.md
	EndProjectSection
EndProject
Project("{FAE04EC0-301F-11D3-BF4B-00C04F79EFBC}") = "FunctionalBlog.Test", "FunctionalBlog.Test\FunctionalBlog.Test.csproj", "{341DEFB4-656A-4370-A037-65F4C53C4A48}"
EndProject
Project("{FAE04EC0-301F-11D3-BF4B-00C04F79EFBC}") = "FunctionalBlog.Domain", "FunctionalBlog.Domain\FunctionalBlog.Domain.csproj", "{8023D73D-6A7F-48CA-9E01-F01CD63A5A52}"
EndProject
Project("{FAE04EC0-301F-11D3-BF4B-00C04F79EFBC}") = "FunctionalBlog.Application", "FunctionalBlog.Application\FunctionalBlog.Application.csproj", "{BF196F35-0937-47CD-81B0-DAB7504647C9}"
EndProject
Project("{FAE04EC0-301F-11D3-BF4B-00C04F79EFBC}") = "FunctionalBlog.Pipeline", "FunctionalBlog.Pipeline\FunctionalBlog.Pipeline.csproj", "{057AD0E1-BD0B-48F9-A112-4E98A8E93E1B}"
EndProject
Project("{FAE04EC0-301F-11D3-BF4B-00C04F79EFBC}") = "FunctionalBlog.DataAccess.InMemory", "FunctionalBlog.DataAccess.InMemory\FunctionalBlog.DataAccess.InMemory.csproj", "{7033F98E-B018-4B1C-A0ED-8B4A30CF19C8}"
EndProject
Project("{FAE04EC0-301F-11D3-BF4B-00C04F79EFBC}") = "FunctionalBlog.DataAccess.Sqlite", "FunctionalBlog.DataAccess.Sqlite\FunctionalBlog.DataAccess.Sqlite.csproj", "{1F11446F-D584-42A4-A21D-CBB8C269A08F}"
EndProject
Project("{FAE04EC0-301F-11D3-BF4B-00C04F79EFBC}") = "Bbcode", "Bbcode\Bbcode.csproj", "{FDA4258E-7534-41DB-9E54-C5ABD0493468}"
EndProject
Project("{FAE04EC0-301F-11D3-BF4B-00C04F79EFBC}") = "Bbcode.Test", "Bbcode.Test\Bbcode.Test.csproj", "{855DB88F-F8BE-474C-A899-C0B90CBBF0D2}"
EndProject
Global
	GlobalSection(SolutionConfigurationPlatforms) = preSolution
		Debug|Any CPU = Debug|Any CPU
		Debug|x64 = Debug|x64
		Debug|x86 = Debug|x86
		Release|Any CPU = Release|Any CPU
		Release|x64 = Release|x64
		Release|x86 = Release|x86
	EndGlobalSection
	GlobalSection(ProjectConfigurationPlatforms) = postSolution
		{7D97A352-AC1E-44DA-832A-CB6E5B4BE8AA}.Debug|Any CPU.ActiveCfg = Debug|Any CPU
		{7D97A352-AC1E-44DA-832A-CB6E5B4BE8AA}.Debug|Any CPU.Build.0 = Debug|Any CPU
		{7D97A352-AC1E-44DA-832A-CB6E5B4BE8AA}.Debug|x64.ActiveCfg = Debug|Any CPU
		{7D97A352-AC1E-44DA-832A-CB6E5B4BE8AA}.Debug|x64.Build.0 = Debug|Any CPU
		{7D97A352-AC1E-44DA-832A-CB6E5B4BE8AA}.Debug|x86.ActiveCfg = Debug|Any CPU
		{7D97A352-AC1E-44DA-832A-CB6E5B4BE8AA}.Debug|x86.Build.0 = Debug|Any CPU
		{7D97A352-AC1E-44DA-832A-CB6E5B4BE8AA}.Release|Any CPU.ActiveCfg = Release|Any CPU
		{7D97A352-AC1E-44DA-832A-CB6E5B4BE8AA}.Release|Any CPU.Build.0 = Release|Any CPU
		{7D97A352-AC1E-44DA-832A-CB6E5B4BE8AA}.Release|x64.ActiveCfg = Release|Any CPU
		{7D97A352-AC1E-44DA-832A-CB6E5B4BE8AA}.Release|x64.Build.0 = Release|Any CPU
		{7D97A352-AC1E-44DA-832A-CB6E5B4BE8AA}.Release|x86.ActiveCfg = Release|Any CPU
		{7D97A352-AC1E-44DA-832A-CB6E5B4BE8AA}.Release|x86.Build.0 = Release|Any CPU
		{341DEFB4-656A-4370-A037-65F4C53C4A48}.Debug|Any CPU.ActiveCfg = Debug|Any CPU
		{341DEFB4-656A-4370-A037-65F4C53C4A48}.Debug|Any CPU.Build.0 = Debug|Any CPU
		{341DEFB4-656A-4370-A037-65F4C53C4A48}.Debug|x64.ActiveCfg = Debug|Any CPU
		{341DEFB4-656A-4370-A037-65F4C53C4A48}.Debug|x64.Build.0 = Debug|Any CPU
		{341DEFB4-656A-4370-A037-65F4C53C4A48}.Debug|x86.ActiveCfg = Debug|Any CPU
		{341DEFB4-656A-4370-A037-65F4C53C4A48}.Debug|x86.Build.0 = Debug|Any CPU
		{341DEFB4-656A-4370-A037-65F4C53C4A48}.Release|Any CPU.ActiveCfg = Release|Any CPU
		{341DEFB4-656A-4370-A037-65F4C53C4A48}.Release|Any CPU.Build.0 = Release|Any CPU
		{341DEFB4-656A-4370-A037-65F4C53C4A48}.Release|x64.ActiveCfg = Release|Any CPU
		{341DEFB4-656A-4370-A037-65F4C53C4A48}.Release|x64.Build.0 = Release|Any CPU
		{341DEFB4-656A-4370-A037-65F4C53C4A48}.Release|x86.ActiveCfg = Release|Any CPU
		{341DEFB4-656A-4370-A037-65F4C53C4A48}.Release|x86.Build.0 = Release|Any CPU
		{8023D73D-6A7F-48CA-9E01-F01CD63A5A52}.Debug|Any CPU.ActiveCfg = Debug|Any CPU
		{8023D73D-6A7F-48CA-9E01-F01CD63A5A52}.Debug|Any CPU.Build.0 = Debug|Any CPU
		{8023D73D-6A7F-48CA-9E01-F01CD63A5A52}.Debug|x64.ActiveCfg = Debug|Any CPU
		{8023D73D-6A7F-48CA-9E01-F01CD63A5A52}.Debug|x64.Build.0 = Debug|Any CPU
		{8023D73D-6A7F-48CA-9E01-F01CD63A5A52}.Debug|x86.ActiveCfg = Debug|Any CPU
		{8023D73D-6A7F-48CA-9E01-F01CD63A5A52}.Debug|x86.Build.0 = Debug|Any CPU
		{8023D73D-6A7F-48CA-9E01-F01CD63A5A52}.Release|Any CPU.ActiveCfg = Release|Any CPU
		{8023D73D-6A7F-48CA-9E01-F01CD63A5A52}.Release|Any CPU.Build.0 = Release|Any CPU
		{8023D73D-6A7F-48CA-9E01-F01CD63A5A52}.Release|x64.ActiveCfg = Release|Any CPU
		{8023D73D-6A7F-48CA-9E01-F01CD63A5A52}.Release|x64.Build.0 = Release|Any CPU
		{8023D73D-6A7F-48CA-9E01-F01CD63A5A52}.Release|x86.ActiveCfg = Release|Any CPU
		{8023D73D-6A7F-48CA-9E01-F01CD63A5A52}.Release|x86.Build.0 = Release|Any CPU
		{BF196F35-0937-47CD-81B0-DAB7504647C9}.Debug|Any CPU.ActiveCfg = Debug|Any CPU
		{BF196F35-0937-47CD-81B0-DAB7504647C9}.Debug|Any CPU.Build.0 = Debug|Any CPU
		{BF196F35-0937-47CD-81B0-DAB7504647C9}.Debug|x64.ActiveCfg = Debug|Any CPU
		{BF196F35-0937-47CD-81B0-DAB7504647C9}.Debug|x64.Build.0 = Debug|Any CPU
		{BF196F35-0937-47CD-81B0-DAB7504647C9}.Debug|x86.ActiveCfg = Debug|Any CPU
		{BF196F35-0937-47CD-81B0-DAB7504647C9}.Debug|x86.Build.0 = Debug|Any CPU
		{BF196F35-0937-47CD-81B0-DAB7504647C9}.Release|Any CPU.ActiveCfg = Release|Any CPU
		{BF196F35-0937-47CD-81B0-DAB7504647C9}.Release|Any CPU.Build.0 = Release|Any CPU
		{BF196F35-0937-47CD-81B0-DAB7504647C9}.Release|x64.ActiveCfg = Release|Any CPU
		{BF196F35-0937-47CD-81B0-DAB7504647C9}.Release|x64.Build.0 = Release|Any CPU
		{BF196F35-0937-47CD-81B0-DAB7504647C9}.Release|x86.ActiveCfg = Release|Any CPU
		{BF196F35-0937-47CD-81B0-DAB7504647C9}.Release|x86.Build.0 = Release|Any CPU
		{057AD0E1-BD0B-48F9-A112-4E98A8E93E1B}.Debug|Any CPU.ActiveCfg = Debug|Any CPU
		{057AD0E1-BD0B-48F9-A112-4E98A8E93E1B}.Debug|Any CPU.Build.0 = Debug|Any CPU
		{057AD0E1-BD0B-48F9-A112-4E98A8E93E1B}.Debug|x64.ActiveCfg = Debug|Any CPU
		{057AD0E1-BD0B-48F9-A112-4E98A8E93E1B}.Debug|x64.Build.0 = Debug|Any CPU
		{057AD0E1-BD0B-48F9-A112-4E98A8E93E1B}.Debug|x86.ActiveCfg = Debug|Any CPU
		{057AD0E1-BD0B-48F9-A112-4E98A8E93E1B}.Debug|x86.Build.0 = Debug|Any CPU
		{057AD0E1-BD0B-48F9-A112-4E98A8E93E1B}.Release|Any CPU.ActiveCfg = Release|Any CPU
		{057AD0E1-BD0B-48F9-A112-4E98A8E93E1B}.Release|Any CPU.Build.0 = Release|Any CPU
		{057AD0E1-BD0B-48F9-A112-4E98A8E93E1B}.Release|x64.ActiveCfg = Release|Any CPU
		{057AD0E1-BD0B-48F9-A112-4E98A8E93E1B}.Release|x64.Build.0 = Release|Any CPU
		{057AD0E1-BD0B-48F9-A112-4E98A8E93E1B}.Release|x86.ActiveCfg = Release|Any CPU
		{057AD0E1-BD0B-48F9-A112-4E98A8E93E1B}.Release|x86.Build.0 = Release|Any CPU
		{7033F98E-B018-4B1C-A0ED-8B4A30CF19C8}.Debug|Any CPU.ActiveCfg = Debug|Any CPU
		{7033F98E-B018-4B1C-A0ED-8B4A30CF19C8}.Debug|Any CPU.Build.0 = Debug|Any CPU
		{7033F98E-B018-4B1C-A0ED-8B4A30CF19C8}.Debug|x64.ActiveCfg = Debug|Any CPU
		{7033F98E-B018-4B1C-A0ED-8B4A30CF19C8}.Debug|x64.Build.0 = Debug|Any CPU
		{7033F98E-B018-4B1C-A0ED-8B4A30CF19C8}.Debug|x86.ActiveCfg = Debug|Any CPU
		{7033F98E-B018-4B1C-A0ED-8B4A30CF19C8}.Debug|x86.Build.0 = Debug|Any CPU
		{7033F98E-B018-4B1C-A0ED-8B4A30CF19C8}.Release|Any CPU.ActiveCfg = Release|Any CPU
		{7033F98E-B018-4B1C-A0ED-8B4A30CF19C8}.Release|Any CPU.Build.0 = Release|Any CPU
		{7033F98E-B018-4B1C-A0ED-8B4A30CF19C8}.Release|x64.ActiveCfg = Release|Any CPU
		{7033F98E-B018-4B1C-A0ED-8B4A30CF19C8}.Release|x64.Build.0 = Release|Any CPU
		{7033F98E-B018-4B1C-A0ED-8B4A30CF19C8}.Release|x86.ActiveCfg = Release|Any CPU
		{7033F98E-B018-4B1C-A0ED-8B4A30CF19C8}.Release|x86.Build.0 = Release|Any CPU
		{1F11446F-D584-42A4-A21D-CBB8C269A08F}.Debug|Any CPU.ActiveCfg = Debug|Any CPU
		{1F11446F-D584-42A4-A21D-CBB8C269A08F}.Debug|Any CPU.Build.0 = Debug|Any CPU
		{1F11446F-D584-42A4-A21D-CBB8C269A08F}.Debug|x64.ActiveCfg = Debug|Any CPU
		{1F11446F-D584-42A4-A21D-CBB8C269A08F}.Debug|x64.Build.0 = Debug|Any CPU
		{1F11446F-D584-42A4-A21D-CBB8C269A08F}.Debug|x86.ActiveCfg = Debug|Any CPU
		{1F11446F-D584-42A4-A21D-CBB8C269A08F}.Debug|x86.Build.0 = Debug|Any CPU
		{1F11446F-D584-42A4-A21D-CBB8C269A08F}.Release|Any CPU.ActiveCfg = Release|Any CPU
		{1F11446F-D584-42A4-A21D-CBB8C269A08F}.Release|Any CPU.Build.0 = Release|Any CPU
		{1F11446F-D584-42A4-A21D-CBB8C269A08F}.Release|x64.ActiveCfg = Release|Any CPU
		{1F11446F-D584-42A4-A21D-CBB8C269A08F}.Release|x64.Build.0 = Release|Any CPU
		{1F11446F-D584-42A4-A21D-CBB8C269A08F}.Release|x86.ActiveCfg = Release|Any CPU
		{1F11446F-D584-42A4-A21D-CBB8C269A08F}.Release|x86.Build.0 = Release|Any CPU
		{FDA4258E-7534-41DB-9E54-C5ABD0493468}.Debug|Any CPU.ActiveCfg = Debug|Any CPU
		{FDA4258E-7534-41DB-9E54-C5ABD0493468}.Debug|Any CPU.Build.0 = Debug|Any CPU
		{FDA4258E-7534-41DB-9E54-C5ABD0493468}.Debug|x64.ActiveCfg = Debug|Any CPU
		{FDA4258E-7534-41DB-9E54-C5ABD0493468}.Debug|x64.Build.0 = Debug|Any CPU
		{FDA4258E-7534-41DB-9E54-C5ABD0493468}.Debug|x86.ActiveCfg = Debug|Any CPU
		{FDA4258E-7534-41DB-9E54-C5ABD0493468}.Debug|x86.Build.0 = Debug|Any CPU
		{FDA4258E-7534-41DB-9E54-C5ABD0493468}.Release|Any CPU.ActiveCfg = Release|Any CPU
		{FDA4258E-7534-41DB-9E54-C5ABD0493468}.Release|Any CPU.Build.0 = Release|Any CPU
		{FDA4258E-7534-41DB-9E54-C5ABD0493468}.Release|x64.ActiveCfg = Release|Any CPU
		{FDA4258E-7534-41DB-9E54-C5ABD0493468}.Release|x64.Build.0 = Release|Any CPU
		{FDA4258E-7534-41DB-9E54-C5ABD0493468}.Release|x86.ActiveCfg = Release|Any CPU
		{FDA4258E-7534-41DB-9E54-C5ABD0493468}.Release|x86.Build.0 = Release|Any CPU
		{855DB88F-F8BE-474C-A899-C0B90CBBF0D2}.Debug|Any CPU.ActiveCfg = Debug|Any CPU
		{855DB88F-F8BE-474C-A899-C0B90CBBF0D2}.Debug|Any CPU.Build.0 = Debug|Any CPU
		{855DB88F-F8BE-474C-A899-C0B90CBBF0D2}.Debug|x64.ActiveCfg = Debug|Any CPU
		{855DB88F-F8BE-474C-A899-C0B90CBBF0D2}.Debug|x64.Build.0 = Debug|Any CPU
		{855DB88F-F8BE-474C-A899-C0B90CBBF0D2}.Debug|x86.ActiveCfg = Debug|Any CPU
		{855DB88F-F8BE-474C-A899-C0B90CBBF0D2}.Debug|x86.Build.0 = Debug|Any CPU
		{855DB88F-F8BE-474C-A899-C0B90CBBF0D2}.Release|Any CPU.ActiveCfg = Release|Any CPU
		{855DB88F-F8BE-474C-A899-C0B90CBBF0D2}.Release|Any CPU.Build.0 = Release|Any CPU
		{855DB88F-F8BE-474C-A899-C0B90CBBF0D2}.Release|x64.ActiveCfg = Release|Any CPU
		{855DB88F-F8BE-474C-A899-C0B90CBBF0D2}.Release|x64.Build.0 = Release|Any CPU
		{855DB88F-F8BE-474C-A899-C0B90CBBF0D2}.Release|x86.ActiveCfg = Release|Any CPU
		{855DB88F-F8BE-474C-A899-C0B90CBBF0D2}.Release|x86.Build.0 = Release|Any CPU
	EndGlobalSection
	GlobalSection(SolutionProperties) = preSolution
		HideSolutionNode = FALSE
	EndGlobalSection
	GlobalSection(ExtensibilityGlobals) = postSolution
		SolutionGuid = {E1601939-D938-4007-9AAF-6059DC8085E8}
	EndGlobalSection
EndGlobal
